{
  "nodes": {
    "chisel-linux": {
      "flake": false,
      "locked": {
        "narHash": "sha256-rCxfowk5Vgtki4LrNU0QeNi8ETDERaZJidbZjPzVS3o=",
        "type": "file",
        "url": "https://github.com/jpillora/chisel/releases/download/v1.10.1/chisel_1.10.1_linux_amd64.gz"
      },
      "original": {
        "type": "file",
        "url": "https://github.com/jpillora/chisel/releases/download/v1.10.1/chisel_1.10.1_linux_amd64.gz"
      }
    },
    "chisel-windows": {
      "flake": false,
      "locked": {
        "narHash": "sha256-OghUnJ9rra2V+uOAxzn4yz9X1Eo9ZTPF3HykgzJXR5Q=",
        "type": "file",
        "url": "https://github.com/jpillora/chisel/releases/download/v1.10.1/chisel_1.10.1_windows_amd64.gz"
      },
      "original": {
        "type": "file",
        "url": "https://github.com/jpillora/chisel/releases/download/v1.10.1/chisel_1.10.1_windows_amd64.gz"
      }
    },
    "ghostpack": {
      "flake": false,
      "locked": {
        "lastModified": 1729807129,
        "narHash": "sha256-9nlYQ5YsI6PPPrrYtxeSD6lDFrkdoJtEREq+oE0ASKg=",
        "owner": "r3motecontrol",
        "repo": "Ghostpack-CompiledBinaries",
        "rev": "20a5f0a81456358b2bdc9846774949a7fb25acd8",
        "type": "github"
      },
      "original": {
        "owner": "r3motecontrol",
        "repo": "Ghostpack-CompiledBinaries",
        "type": "github"
      }
    },
    "godpotato": {
      "flake": false,
      "locked": {
        "narHash": "sha256-RK17flnM4eTWu32dj0SCLuPyycjUymqdXLx13HAX91g=",
        "type": "file",
        "url": "https://github.com/BeichenDream/GodPotato/releases/download/V1.20/GodPotato-NET4.exe"
      },
      "original": {
        "type": "file",
        "url": "https://github.com/BeichenDream/GodPotato/releases/download/V1.20/GodPotato-NET4.exe"
      }
    },
    "invoke-eventviewer": {
      "flake": false,
      "locked": {
        "narHash": "sha256-zuLslbtKLOyf9V2tqHTdhGfOZ+xSM6//B+rCMcej8xk=",
        "type": "file",
        "url": "https://raw.githubusercontent.com/CsEnox/EventViewer-UACBypass/main/Invoke-EventViewer.ps1"
      },
      "original": {
        "type": "file",
        "url": "https://raw.githubusercontent.com/CsEnox/EventViewer-UACBypass/main/Invoke-EventViewer.ps1"
      }
    },
    "invoke-mimikatz": {
      "flake": false,
      "locked": {
        "lastModified": 1707174366,
        "narHash": "sha256-rar6uBelbIxrv55NBILLbjnYZpYhtNfrBkIBV2nnJuw=",
        "owner": "PluggeRo",
        "repo": "Invoke-Mimikatz",
        "rev": "7768b026422c22ce5e2ad2f98573cc5826127a19",
        "type": "github"
      },
      "original": {
        "owner": "PluggeRo",
        "repo": "Invoke-Mimikatz",
        "type": "github"
      }
    },
    "invoke-vshadow": {
      "flake": false,
      "locked": {
        "lastModified": 1708684103,
        "narHash": "sha256-UtlxYItqhjYngaLqKm/qMTFMYPHxXRYek0GLw/VmzrM=",
        "owner": "PluggeRo",
        "repo": "Invoke-vshadow",
        "rev": "1806887bc5a1353bbe3f5dd27d09d6d76ee53a5f",
        "type": "github"
      },
      "original": {
        "owner": "PluggeRo",
        "repo": "Invoke-vshadow",
        "type": "github"
      }
    },
    "ligolo-ng-agent-windows": {
      "flake": false,
      "locked": {
        "narHash": "sha256-WDF0BDv875UEETu1XHz+XYm9FqCTdvfA5y4SZzMiRr4=",
        "type": "file",
        "url": "https://github.com/nicocha30/ligolo-ng/releases/download/v0.7.5/ligolo-ng_agent_0.7.5_windows_amd64.zip"
      },
      "original": {
        "type": "file",
        "url": "https://github.com/nicocha30/ligolo-ng/releases/download/v0.7.5/ligolo-ng_agent_0.7.5_windows_amd64.zip"
      }
    },
    "ligolo-ng-agent-wintun": {
      "flake": false,
      "locked": {
        "narHash": "sha256-3yLT1EbSaU2bfKEHk3jTV6l835AC8tCo2rbP3nvBV0o=",
        "type": "file",
        "url": "https://www.wintun.net/builds/wintun-0.14.1.zip"
      },
      "original": {
        "type": "file",
        "url": "https://www.wintun.net/builds/wintun-0.14.1.zip"
      }
    },
    "mimikatz": {
      "flake": false,
      "locked": {
        "narHash": "sha256-6qozAciu13C4T1RVy5H/BtfhT4cwzCMkPXlVRVjABFA=",
        "type": "file",
        "url": "https://github.com/gentilkiwi/mimikatz/releases/download/2.2.0-20220919/mimikatz_trunk.zip"
      },
      "original": {
        "type": "file",
        "url": "https://github.com/gentilkiwi/mimikatz/releases/download/2.2.0-20220919/mimikatz_trunk.zip"
      }
    },
    "nixpkgs": {
      "locked": {
        "lastModified": 1749871736,
        "narHash": "sha256-K9yBph93OLTNw02Q6e9CYFGrUhvEXnh45vrZqIRWfvQ=",
        "owner": "nixos",
        "repo": "nixpkgs",
        "rev": "6afe187897bef7933475e6af374c893f4c84a293",
        "type": "github"
      },
      "original": {
        "owner": "nixos",
        "ref": "nixpkgs-unstable",
        "repo": "nixpkgs",
        "type": "github"
      }
    },
    "payloadAllTheThings": {
      "flake": false,
      "locked": {
        "narHash": "sha256-wOKtVA6Vcs3p9+aKHX6Y0KgA6ecikFR/gwKYLTcLyss=",
        "type": "file",
        "url": "https://github.com/swisskyrepo/PayloadsAllTheThings/archive/refs/tags/4.1.zip"
      },
      "original": {
        "type": "file",
        "url": "https://github.com/swisskyrepo/PayloadsAllTheThings/archive/refs/tags/4.1.zip"
      }
    },
    "printspoofer32": {
      "flake": false,
      "locked": {
        "narHash": "sha256-HwdMrpppFixp5z/pkc1u8eKEyMxlj1YA4PpGTjHZcXw=",
        "type": "file",
        "url": "https://github.com/itm4n/PrintSpoofer/releases/download/v1.0/PrintSpoofer32.exe"
      },
      "original": {
        "type": "file",
        "url": "https://github.com/itm4n/PrintSpoofer/releases/download/v1.0/PrintSpoofer32.exe"
      }
    },
    "printspoofer64": {
      "flake": false,
      "locked": {
        "narHash": "sha256-yl1Mwnzx47WrhQ9I/QnMcelLhwDyiwgWfj5SzXLgrxA=",
        "type": "file",
        "url": "https://github.com/itm4n/PrintSpoofer/releases/download/v1.0/PrintSpoofer64.exe"
      },
      "original": {
        "type": "file",
        "url": "https://github.com/itm4n/PrintSpoofer/releases/download/v1.0/PrintSpoofer64.exe"
      }
    },
    "pspy": {
      "flake": false,
      "locked": {
        "narHash": "sha256-IyB2VWMGveMjKG+/wMlurQesKiYlVaC+TMgqZ+t6Z98=",
        "type": "file",
        "url": "https://github.com/DominicBreuker/pspy/releases/download/v1.2.1/pspy64"
      },
      "original": {
        "type": "file",
        "url": "https://github.com/DominicBreuker/pspy/releases/download/v1.2.1/pspy64"
      }
    },
    "root": {
      "inputs": {
        "chisel-linux": "chisel-linux",
        "chisel-windows": "chisel-windows",
        "ghostpack": "ghostpack",
        "godpotato": "godpotato",
        "invoke-eventviewer": "invoke-eventviewer",
        "invoke-mimikatz": "invoke-mimikatz",
        "invoke-vshadow": "invoke-vshadow",
        "ligolo-ng-agent-windows": "ligolo-ng-agent-windows",
        "ligolo-ng-agent-wintun": "ligolo-ng-agent-wintun",
        "mimikatz": "mimikatz",
        "nixpkgs": "nixpkgs",
        "payloadAllTheThings": "payloadAllTheThings",
        "printspoofer32": "printspoofer32",
        "printspoofer64": "printspoofer64",
        "pspy": "pspy",
        "sysinternals": "sysinternals",
        "ysoserial-net": "ysoserial-net"
      }
    },
    "sysinternals": {
      "flake": false,
      "locked": {
        "narHash": "sha256-cRwlhlaVUXpIKPeQvhil4XHfoNiYDaZAAyuGXmUpk8g=",
        "type": "file",
        "url": "https://download.sysinternals.com/files/SysinternalsSuite.zip"
      },
      "original": {
        "type": "file",
        "url": "https://download.sysinternals.com/files/SysinternalsSuite.zip"
      }
    },
    "ysoserial-net": {
      "flake": false,
      "locked": {
        "narHash": "sha256-JT3LFIg3mNWp32hLo40yLw27ZWgeG3jhb+qVB4B+MrY=",
        "type": "file",
        "url": "https://github.com/pwntester/ysoserial.net/releases/download/v1.36/ysoserial-1dba9c4416ba6e79b6b262b758fa75e2ee9008e9.zip"
      },
      "original": {
        "type": "file",
        "url": "https://github.com/pwntester/ysoserial.net/releases/download/v1.36/ysoserial-1dba9c4416ba6e79b6b262b758fa75e2ee9008e9.zip"
      }
    }
  },
  "root": "root",
  "version": 7
}
